{
  "name": "openpos-core",
  "version": "1.0.0",
  "lockfileVersion": 1,
  "requires": true,
  "dependencies": {
    "@angular/cdk": {
      "version": "5.2.4",
      "resolved": "https://registry.npmjs.org/@angular/cdk/-/cdk-5.2.4.tgz",
      "integrity": "sha1-wKQpqHENj+2xV/VG4hy0nUM19/c=",
      "requires": {
        "tslib": "^1.7.1"
      }
    },
    "@angular/material": {
      "version": "5.2.4",
      "resolved": "https://registry.npmjs.org/@angular/material/-/material-5.2.4.tgz",
      "integrity": "sha1-noI3mDJCg9I+qDkVb6xby3NEPVU=",
      "requires": {
        "tslib": "^1.7.1"
      }
    },
    "@oasisdigital/angular-material-search-select": {
      "version": "0.12.0",
      "resolved": "https://registry.npmjs.org/@oasisdigital/angular-material-search-select/-/angular-material-search-select-0.12.0.tgz",
      "integrity": "sha512-wXK6yR7By80fjCDWASpaU1wUcsVXAFYZEhiJyWnjzAFgQJ6oL4m1PMJxviKS0t51vCPlS3KiXs/AfQ3tzea3iw=="
    },
    "@stomp/ng2-stompjs": {
      "version": "0.4.1",
      "resolved": "https://registry.npmjs.org/@stomp/ng2-stompjs/-/ng2-stompjs-0.4.1.tgz",
      "integrity": "sha1-emCRE7BNOyewieVHizvghvqtsgc=",
      "requires": {
        "@stomp/stompjs": "^3.0.3"
      },
      "dependencies": {
        "@stomp/stompjs": {
          "version": "3.1.2",
          "resolved": "https://registry.npmjs.org/@stomp/stompjs/-/stompjs-3.1.2.tgz",
          "integrity": "sha512-cSMe/PRAJ8Z+A+X3KodLABRwffEm7QHPvrnOo6Pd1MJfwnBm+XT25m/WRZqB/qykfgRo7v0f+UvSJRUpj9dCCw==",
          "requires": {
            "websocket": "^1.0.24"
          }
        }
      }
    },
    "@stomp/stompjs": {
      "version": "4.0.0",
      "resolved": "https://registry.npmjs.org/@stomp/stompjs/-/stompjs-4.0.0.tgz",
      "integrity": "sha512-W0EMRdlwAf/1W7/6m1cyL2UhoRL45uA1Xxntd2//FJD01k0ZNqML5KjMd3P9S5qiAU7y7ZbxSRStw+LMgCZE9Q==",
      "requires": {
        "websocket": "^1.0.24"
      }
    },
    "@types/signature_pad": {
      "version": "0.0.30",
      "resolved": "https://registry.npmjs.org/@types/signature_pad/-/signature_pad-0.0.30.tgz",
      "integrity": "sha512-pWkQ6OBzV92hxyPU008quvuc57S1BfBp9hTi5zrOfqsUtgSKWlw6OD6AyfEFn9OlQsXvAdrbsczX5XO33FI4BA=="
    },
    "angular2-text-mask": {
      "version": "8.0.4",
      "resolved": "https://registry.npmjs.org/angular2-text-mask/-/angular2-text-mask-8.0.4.tgz",
      "integrity": "sha1-B+SFdGz7nyfnELJ7J4XqxMxIcfw=",
      "requires": {
        "text-mask-core": "^5.0.0"
      }
    },
    "debug": {
      "version": "2.6.9",
      "resolved": "https://registry.npmjs.org/debug/-/debug-2.6.9.tgz",
      "integrity": "sha512-bC7ElrdJaJnPbAP+1EotYvqZsb3ecl5wi6Bfi6BJTUcNowp6cvspg0jXznRTKDjm/E7AdgFBVeAPVMNcKGsHMA==",
      "optional": true,
      "requires": {
        "ms": "2.0.0"
      }
    },
    "hammerjs": {
      "version": "2.0.8",
      "resolved": "https://registry.npmjs.org/hammerjs/-/hammerjs-2.0.8.tgz",
      "integrity": "sha1-BO93hiz/K7edMPdpIJWTAiK/YPE="
    },
    "is-typedarray": {
      "version": "1.0.0",
      "resolved": "https://registry.npmjs.org/is-typedarray/-/is-typedarray-1.0.0.tgz",
      "integrity": "sha1-5HnICFjfDBsR3dppQPlgEfzaSpo=",
      "optional": true
    },
    "ms": {
      "version": "2.0.0",
      "resolved": "https://registry.npmjs.org/ms/-/ms-2.0.0.tgz",
      "integrity": "sha1-VgiurfwAvmwpAd9fmGF4jeDVl8g=",
      "optional": true
    },
    "nan": {
      "version": "2.8.0",
      "resolved": "https://registry.npmjs.org/nan/-/nan-2.8.0.tgz",
      "integrity": "sha1-7XFfP+neArV6XmJS2QqWZ14fCFo=",
      "optional": true
    },
    "sax": {
      "version": "1.2.4",
      "resolved": "https://registry.npmjs.org/sax/-/sax-1.2.4.tgz",
      "integrity": "sha512-NqVDv9TpANUjFm0N8uM5GxL36UgKi9/atZw+x7YFnQ8ckwFGKrl4xX4yWtrey3UJm5nP1kUbnYgLopqWNSRhWw=="
    },
    "signature_pad": {
      "version": "2.3.0",
      "resolved": "https://registry.npmjs.org/signature_pad/-/signature_pad-2.3.0.tgz",
      "integrity": "sha512-sRvDRufFbhcFQNALVDAH0p57RGJzE8qGsTaWDDeYl7l/isXCTiULYLbKNK21i5vaBHlsfzVBoP6GihdYJ4MCZw=="
    },
    "text-mask-addons": {
      "version": "3.7.0",
      "resolved": "https://registry.npmjs.org/text-mask-addons/-/text-mask-addons-3.7.0.tgz",
      "integrity": "sha512-vzbA3Qe58Lh8gtQeMGVuWRsXCN/O7AbVcKb1yEkC4DjM7+Zxi8JMHyMEs4NoXpKV/AUK8ihNAY3m8ZIhe2wvPw=="
    },
    "text-mask-core": {
      "version": "5.0.1",
      "resolved": "https://registry.npmjs.org/text-mask-core/-/text-mask-core-5.0.1.tgz",
      "integrity": "sha1-htt0K9/jtMODu1GjtMo0LIYRBjk="
    },
    "tslib": {
      "version": "1.9.0",
      "resolved": "https://registry.npmjs.org/tslib/-/tslib-1.9.0.tgz",
      "integrity": "sha512-f/qGG2tUkrISBlQZEjEqoZ3B2+npJjIf04H1wuAv9iA8i04Icp+61KRXxFdha22670NJopsZCIjhC3SnjPRKrQ=="
    },
    "typedarray-to-buffer": {
      "version": "3.1.2",
      "resolved": "https://registry.npmjs.org/typedarray-to-buffer/-/typedarray-to-buffer-3.1.2.tgz",
      "integrity": "sha1-EBezLZhP9VbroQD1AViauhrOLgQ=",
      "optional": true,
      "requires": {
        "is-typedarray": "^1.0.0"
      }
    },
    "websocket": {
      "version": "1.0.25",
      "resolved": "https://registry.npmjs.org/websocket/-/websocket-1.0.25.tgz",
      "integrity": "sha512-M58njvi6ZxVb5k7kpnHh2BvNKuBWiwIYvsToErBzWhvBZYwlEiLcyLrG41T1jRcrY9ettqPYEqduLI7ul54CVQ==",
      "optional": true,
      "requires": {
        "debug": "^2.2.0",
        "nan": "^2.3.3",
        "typedarray-to-buffer": "^3.1.2",
        "yaeti": "^0.0.6"
      }
    },
    "xml2js": {
      "version": "0.4.19",
      "resolved": "https://registry.npmjs.org/xml2js/-/xml2js-0.4.19.tgz",
      "integrity": "sha512-esZnJZJOiJR9wWKMyuvSE1y6Dq5LCuJanqhxslH2bxM6duahNZ+HMpCLhBQGZkbX6xRf8x1Y2eJlgt2q3qo49Q==",
      "requires": {
        "sax": ">=0.6.0",
        "xmlbuilder": "~9.0.1"
      }
    },
    "xmlbuilder": {
      "version": "9.0.7",
      "resolved": "https://registry.npmjs.org/xmlbuilder/-/xmlbuilder-9.0.7.tgz",
      "integrity": "sha1-Ey7mPS7FVlxVfiD0wi35rKaGsQ0="
    },
    "yaeti": {
      "version": "0.0.6",
      "resolved": "https://registry.npmjs.org/yaeti/-/yaeti-0.0.6.tgz",
      "integrity": "sha1-8m9ITXJoTPQr7ft2lwqhYI+/lXc=",
      "optional": true
    }
  }
}
